
Microsoft Visual Studio Solution File, Format Version 12.00
# Visual Studio Version 17
VisualStudioVersion = 17.4.33122.133
MinimumVisualStudioVersion = 10.0.40219.1
Project("{F184B08F-C81C-45F6-A57F-5ABD9991F28F}") = "BMH", "BMH.vbproj", "{F9EBECCD-57F8-409C-AA2A-EAFDAC1807B1}"
EndProject
Global
	GlobalSection(SolutionConfigurationPlatforms) = preSolution
		Debug|Any CPU = Debug|Any CPU
		Release|Any CPU = Release|Any CPU
	EndGlobalSection
	GlobalSection(ProjectConfigurationPlatforms) = postSolution
		{F9EBECCD-57F8-409C-AA2A-EAFDAC1807B1}.Debug|Any CPU.ActiveCfg = Debug|Any CPU
		{F9EBECCD-57F8-409C-AA2A-EAFDAC1807B1}.Debug|Any CPU.Build.0 = Debug|Any CPU
		{F9EBECCD-57F8-409C-AA2A-EAFDAC1807B1}.Release|Any CPU.ActiveCfg = Release|Any CPU
		{F9EBECCD-57F8-409C-AA2A-EAFDAC1807B1}.Release|Any CPU.Build.0 = Release|Any CPU
	EndGlobalSection
	GlobalSection(SolutionProperties) = preSolution
		HideSolutionNode = FALSE
	EndGlobalSection
	GlobalSection(ExtensibilityGlobals) = postSolution
		SolutionGuid = {5A1A5168-8B44-4D0B-ACD3-F95A3D2148BD}
	EndGlobalSection
EndGlobal
