
Microsoft Visual Studio Solution File, Format Version 12.00
# Visual Studio Version 17
VisualStudioVersion = 17.1.32319.34
MinimumVisualStudioVersion = 10.0.40219.1
Project("{F184B08F-C81C-45F6-A57F-5ABD9991F28F}") = "Firstvbproject", "Firstvbproject.vbproj", "{96F24B0D-8A89-48DB-AAEA-89A824522933}"
EndProject
Global
	GlobalSection(SolutionConfigurationPlatforms) = preSolution
		Debug|Any CPU = Debug|Any CPU
		Release|Any CPU = Release|Any CPU
	EndGlobalSection
	GlobalSection(ProjectConfigurationPlatforms) = postSolution
		{96F24B0D-8A89-48DB-AAEA-89A824522933}.Debug|Any CPU.ActiveCfg = Debug|Any CPU
		{96F24B0D-8A89-48DB-AAEA-89A824522933}.Debug|Any CPU.Build.0 = Debug|Any CPU
		{96F24B0D-8A89-48DB-AAEA-89A824522933}.Release|Any CPU.ActiveCfg = Release|Any CPU
		{96F24B0D-8A89-48DB-AAEA-89A824522933}.Release|Any CPU.Build.0 = Release|Any CPU
	EndGlobalSection
	GlobalSection(SolutionProperties) = preSolution
		HideSolutionNode = FALSE
	EndGlobalSection
	GlobalSection(ExtensibilityGlobals) = postSolution
		SolutionGuid = {33BA647F-360B-4BB1-AD5F-3D363D057FEA}
	EndGlobalSection
EndGlobal
